
Microsoft Visual Studio Solution File, Format Version 12.00
# Visual Studio Version 16
Project("{FAE04EC0-301F-11D3-BF4B-00C04F79EFBC}") = "MauiDtControls", "MauiDtControls\MauiDtControls.csproj", "{B571D224-F321-47E3-A849-E78B80DD7B6C}"
EndProject
Project("{FAE04EC0-301F-11D3-BF4B-00C04F79EFBC}") = "DtControls", "DtControls\DtControls.csproj", "{9ACA6E9D-CB32-476F-ABE2-9D130B6A763D}"
EndProject
Global
	GlobalSection(SolutionConfigurationPlatforms) = preSolution
		Debug|Any CPU = Debug|Any CPU
		Release|Any CPU = Release|Any CPU
	EndGlobalSection
	GlobalSection(ProjectConfigurationPlatforms) = postSolution
		{B571D224-F321-47E3-A849-E78B80DD7B6C}.Debug|Any CPU.ActiveCfg = Debug|Any CPU
		{B571D224-F321-47E3-A849-E78B80DD7B6C}.Debug|Any CPU.Build.0 = Debug|Any CPU
		{B571D224-F321-47E3-A849-E78B80DD7B6C}.Release|Any CPU.ActiveCfg = Release|Any CPU
		{B571D224-F321-47E3-A849-E78B80DD7B6C}.Release|Any CPU.Build.0 = Release|Any CPU
		{9ACA6E9D-CB32-476F-ABE2-9D130B6A763D}.Debug|Any CPU.ActiveCfg = Debug|Any CPU
		{9ACA6E9D-CB32-476F-ABE2-9D130B6A763D}.Debug|Any CPU.Build.0 = Debug|Any CPU
		{9ACA6E9D-CB32-476F-ABE2-9D130B6A763D}.Release|Any CPU.ActiveCfg = Release|Any CPU
		{9ACA6E9D-CB32-476F-ABE2-9D130B6A763D}.Release|Any CPU.Build.0 = Release|Any CPU
	EndGlobalSection
EndGlobal
